
Microsoft Visual Studio Solution File, Format Version 12.00
# Visual Studio Version 16
VisualStudioVersion = 16.0.30114.105
MinimumVisualStudioVersion = 10.0.40219.1
Project("{9A19103F-16F7-4668-BE54-9A1E7A4F7556}") = "MyLib2", "MyLib2.csproj", "{48817AC1-298F-483C-BF18-52D11DED380F}"
EndProject
Global
	GlobalSection(SolutionConfigurationPlatforms) = preSolution
		Debug|Any CPU = Debug|Any CPU
		Release|Any CPU = Release|Any CPU
	EndGlobalSection
	GlobalSection(ProjectConfigurationPlatforms) = postSolution
		{48817AC1-298F-483C-BF18-52D11DED380F}.Debug|Any CPU.ActiveCfg = Debug|Any CPU
		{48817AC1-298F-483C-BF18-52D11DED380F}.Debug|Any CPU.Build.0 = Debug|Any CPU
		{48817AC1-298F-483C-BF18-52D11DED380F}.Release|Any CPU.ActiveCfg = Release|Any CPU
		{48817AC1-298F-483C-BF18-52D11DED380F}.Release|Any CPU.Build.0 = Release|Any CPU
	EndGlobalSection
	GlobalSection(SolutionProperties) = preSolution
		HideSolutionNode = FALSE
	EndGlobalSection
	GlobalSection(ExtensibilityGlobals) = postSolution
		SolutionGuid = {BB378E61-FD6F-4C44-832D-5768A6EBD13B}
	EndGlobalSection
EndGlobal
